{
  "version": 1,
  "dependencies": {
    "net6.0": {
      "McMaster.Extensions.CommandLineUtils": {
        "type": "Direct",
        "requested": "[2.2.5, )",
        "resolved": "2.2.5",
        "contentHash": "Zbdiiu616SDIlBGeBZj2U1UZU/mdlT5szgfw+P+DUS8qX9ebMQIOq8vQzxPgNSDsvNqlHIAMeP74d2PTg/O5dw==",
        "dependencies": {
          "System.ComponentModel.Annotations": "4.4.1"
        }
      },
      "System.ComponentModel.Annotations": {
        "type": "Transitive",
        "resolved": "4.4.1",
        "contentHash": "ToiYqSCioqhtspq2O/jYKtyTC/T0uwWHBTYlzCi6PRbSSHArN1IaRWeHffDamvms5sye5FDUWCfNZgubQpNRsA=="
      }
    }
  }
}